// !$*UTF8*$!
{
	archiveVersion = 1;
	classes = {
	};
	objectVersion = 46;
	objects = {

/* Begin PBXBuildFile section */
		35AE1F171CF1AAA700F0A500 /* main.m in Sources */ = {isa = PBXBuildFile; fileRef = 35AE1F161CF1AAA700F0A500 /* main.m */; };
		35AE1F1A1CF1AAA700F0A500 /* AppDelegate.m in Sources */ = {isa = PBXBuildFile; fileRef = 35AE1F191CF1AAA700F0A500 /* AppDelegate.m */; };
		35AE1F1D1CF1AAA700F0A500 /* ViewController.m in Sources */ = {isa = PBXBuildFile; fileRef = 35AE1F1C1CF1AAA700F0A500 /* ViewController.m */; };
		35AE1F201CF1AAA700F0A500 /* Main.storyboard in Resources */ = {isa = PBXBuildFile; fileRef = 35AE1F1E1CF1AAA700F0A500 /* Main.storyboard */; };
		35AE1F221CF1AAA700F0A500 /* Assets.xcassets in Resources */ = {isa = PBXBuildFile; fileRef = 35AE1F211CF1AAA700F0A500 /* Assets.xcassets */; };
		35AE1F251CF1AAA700F0A500 /* LaunchScreen.storyboard in Resources */ = {isa = PBXBuildFile; fileRef = 35AE1F231CF1AAA700F0A500 /* LaunchScreen.storyboard */; };
		35AE1F2F1CF1B51F00F0A500 /* foods.plist in Resources */ = {isa = PBXBuildFile; fileRef = 35AE1F2E1CF1B51F00F0A500 /* foods.plist */; };
		35AE1F451CF1B6F500F0A500 /* agt.gif in Resources */ = {isa = PBXBuildFile; fileRef = 35AE1F361CF1B6F500F0A500 /* agt.gif */; };
		35AE1F461CF1B6F500F0A500 /* baxi.gif in Resources */ = {isa = PBXBuildFile; fileRef = 35AE1F371CF1B6F500F0A500 /* baxi.gif */; };
		35AE1F471CF1B6F500F0A500 /* deguo.gif in Resources */ = {isa = PBXBuildFile; fileRef = 35AE1F381CF1B6F500F0A500 /* deguo.gif */; };
		35AE1F481CF1B6F500F0A500 /* faguo.gif in Resources */ = {isa = PBXBuildFile; fileRef = 35AE1F391CF1B6F500F0A500 /* faguo.gif */; };
		35AE1F491CF1B6F500F0A500 /* flags.plist in Resources */ = {isa = PBXBuildFile; fileRef = 35AE1F3A1CF1B6F500F0A500 /* flags.plist */; };
		35AE1F4A1CF1B6F500F0A500 /* hanguo.gif in Resources */ = {isa = PBXBuildFile; fileRef = 35AE1F3B1CF1B6F500F0A500 /* hanguo.gif */; };
		35AE1F4B1CF1B6F500F0A500 /* helan.gif in Resources */ = {isa = PBXBuildFile; fileRef = 35AE1F3C1CF1B6F500F0A500 /* helan.gif */; };
		35AE1F4C1CF1B6F500F0A500 /* putaoya.gif in Resources */ = {isa = PBXBuildFile; fileRef = 35AE1F3D1CF1B6F500F0A500 /* putaoya.gif */; };
		35AE1F4D1CF1B6F500F0A500 /* ruidian.gif in Resources */ = {isa = PBXBuildFile; fileRef = 35AE1F3E1CF1B6F500F0A500 /* ruidian.gif */; };
		35AE1F4E1CF1B6F500F0A500 /* ruishi.gif in Resources */ = {isa = PBXBuildFile; fileRef = 35AE1F3F1CF1B6F500F0A500 /* ruishi.gif */; };
		35AE1F4F1CF1B6F500F0A500 /* wlgui.gif in Resources */ = {isa = PBXBuildFile; fileRef = 35AE1F401CF1B6F500F0A500 /* wlgui.gif */; };
		35AE1F501CF1B6F500F0A500 /* xiby.gif in Resources */ = {isa = PBXBuildFile; fileRef = 35AE1F411CF1B6F500F0A500 /* xiby.gif */; };
		35AE1F511CF1B6F500F0A500 /* ydl.gif in Resources */ = {isa = PBXBuildFile; fileRef = 35AE1F421CF1B6F500F0A500 /* ydl.gif */; };
		35AE1F521CF1B6F500F0A500 /* ying.gif in Resources */ = {isa = PBXBuildFile; fileRef = 35AE1F431CF1B6F500F0A500 /* ying.gif */; };
		35AE1F531CF1B6F500F0A500 /* zhongguo.jpg in Resources */ = {isa = PBXBuildFile; fileRef = 35AE1F441CF1B6F500F0A500 /* zhongguo.jpg */; };
		35AE1F561CF1BAC600F0A500 /* Flags.m in Sources */ = {isa = PBXBuildFile; fileRef = 35AE1F551CF1BAC600F0A500 /* Flags.m */; };
		35AE1F5A1CF1BEDB00F0A500 /* FloagView.xib in Resources */ = {isa = PBXBuildFile; fileRef = 35AE1F591CF1BEDB00F0A500 /* FloagView.xib */; };
		35AE1F5D1CF1BF5800F0A500 /* FlagView.m in Sources */ = {isa = PBXBuildFile; fileRef = 35AE1F5C1CF1BF5800F0A500 /* FlagView.m */; };
		35AE1F621CF1C2F100F0A500 /* FlagsViewController.m in Sources */ = {isa = PBXBuildFile; fileRef = 35AE1F611CF1C2F100F0A500 /* FlagsViewController.m */; };
/* End PBXBuildFile section */

/* Begin PBXFileReference section */
		35AE1F121CF1AAA700F0A500 /* 15-UIPickerView-点菜系统.app */ = {isa = PBXFileReference; explicitFileType = wrapper.application; includeInIndex = 0; path = "15-UIPickerView-点菜系统.app"; sourceTree = BUILT_PRODUCTS_DIR; };
		35AE1F161CF1AAA700F0A500 /* main.m */ = {isa = PBXFileReference; lastKnownFileType = sourcecode.c.objc; path = main.m; sourceTree = "<group>"; };
		35AE1F181CF1AAA700F0A500 /* AppDelegate.h */ = {isa = PBXFileReference; lastKnownFileType = sourcecode.c.h; path = AppDelegate.h; sourceTree = "<group>"; };
		35AE1F191CF1AAA700F0A500 /* AppDelegate.m */ = {isa = PBXFileReference; lastKnownFileType = sourcecode.c.objc; path = AppDelegate.m; sourceTree = "<group>"; };
		35AE1F1B1CF1AAA700F0A500 /* ViewController.h */ = {isa = PBXFileReference; lastKnownFileType = sourcecode.c.h; path = ViewController.h; sourceTree = "<group>"; };
		35AE1F1C1CF1AAA700F0A500 /* ViewController.m */ = {isa = PBXFileReference; lastKnownFileType = sourcecode.c.objc; path = ViewController.m; sourceTree = "<group>"; };
		35AE1F1F1CF1AAA700F0A500 /* Base */ = {isa = PBXFileReference; lastKnownFileType = file.storyboard; name = Base; path = Base.lproj/Main.storyboard; sourceTree = "<group>"; };
		35AE1F211CF1AAA700F0A500 /* Assets.xcassets */ = {isa = PBXFileReference; lastKnownFileType = folder.assetcatalog; path = Assets.xcassets; sourceTree = "<group>"; };
		35AE1F241CF1AAA700F0A500 /* Base */ = {isa = PBXFileReference; lastKnownFileType = file.storyboard; name = Base; path = Base.lproj/LaunchScreen.storyboard; sourceTree = "<group>"; };
		35AE1F261CF1AAA700F0A500 /* Info.plist */ = {isa = PBXFileReference; lastKnownFileType = text.plist.xml; path = Info.plist; sourceTree = "<group>"; };
		35AE1F2E1CF1B51F00F0A500 /* foods.plist */ = {isa = PBXFileReference; fileEncoding = 4; lastKnownFileType = text.plist.xml; path = foods.plist; sourceTree = "<group>"; };
		35AE1F361CF1B6F500F0A500 /* agt.gif */ = {isa = PBXFileReference; lastKnownFileType = image.gif; path = agt.gif; sourceTree = "<group>"; };
		35AE1F371CF1B6F500F0A500 /* baxi.gif */ = {isa = PBXFileReference; lastKnownFileType = image.gif; path = baxi.gif; sourceTree = "<group>"; };
		35AE1F381CF1B6F500F0A500 /* deguo.gif */ = {isa = PBXFileReference; lastKnownFileType = image.gif; path = deguo.gif; sourceTree = "<group>"; };
		35AE1F391CF1B6F500F0A500 /* faguo.gif */ = {isa = PBXFileReference; lastKnownFileType = image.gif; path = faguo.gif; sourceTree = "<group>"; };
		35AE1F3A1CF1B6F500F0A500 /* flags.plist */ = {isa = PBXFileReference; fileEncoding = 4; lastKnownFileType = text.plist.xml; name = flags.plist; path = guoqi/flags.plist; sourceTree = "<group>"; };
		35AE1F3B1CF1B6F500F0A500 /* hanguo.gif */ = {isa = PBXFileReference; lastKnownFileType = image.gif; path = hanguo.gif; sourceTree = "<group>"; };
		35AE1F3C1CF1B6F500F0A500 /* helan.gif */ = {isa = PBXFileReference; lastKnownFileType = image.gif; path = helan.gif; sourceTree = "<group>"; };
		35AE1F3D1CF1B6F500F0A500 /* putaoya.gif */ = {isa = PBXFileReference; lastKnownFileType = image.gif; path = putaoya.gif; sourceTree = "<group>"; };
		35AE1F3E1CF1B6F500F0A500 /* ruidian.gif */ = {isa = PBXFileReference; lastKnownFileType = image.gif; path = ruidian.gif; sourceTree = "<group>"; };
		35AE1F3F1CF1B6F500F0A500 /* ruishi.gif */ = {isa = PBXFileReference; lastKnownFileType = image.gif; path = ruishi.gif; sourceTree = "<group>"; };
		35AE1F401CF1B6F500F0A500 /* wlgui.gif */ = {isa = PBXFileReference; lastKnownFileType = image.gif; path = wlgui.gif; sourceTree = "<group>"; };
		35AE1F411CF1B6F500F0A500 /* xiby.gif */ = {isa = PBXFileReference; lastKnownFileType = image.gif; path = xiby.gif; sourceTree = "<group>"; };
		35AE1F421CF1B6F500F0A500 /* ydl.gif */ = {isa = PBXFileReference; lastKnownFileType = image.gif; path = ydl.gif; sourceTree = "<group>"; };
		35AE1F431CF1B6F500F0A500 /* ying.gif */ = {isa = PBXFileReference; lastKnownFileType = image.gif; path = ying.gif; sourceTree = "<group>"; };
		35AE1F441CF1B6F500F0A500 /* zhongguo.jpg */ = {isa = PBXFileReference; lastKnownFileType = image.jpeg; path = zhongguo.jpg; sourceTree = "<group>"; };
		35AE1F541CF1BAC600F0A500 /* Flags.h */ = {isa = PBXFileReference; fileEncoding = 4; lastKnownFileType = sourcecode.c.h; path = Flags.h; sourceTree = "<group>"; };
		35AE1F551CF1BAC600F0A500 /* Flags.m */ = {isa = PBXFileReference; fileEncoding = 4; lastKnownFileType = sourcecode.c.objc; path = Flags.m; sourceTree = "<group>"; };
		35AE1F591CF1BEDB00F0A500 /* FloagView.xib */ = {isa = PBXFileReference; fileEncoding = 4; lastKnownFileType = file.xib; path = FloagView.xib; sourceTree = "<group>"; };
		35AE1F5B1CF1BF5800F0A500 /* FlagView.h */ = {isa = PBXFileReference; fileEncoding = 4; lastKnownFileType = sourcecode.c.h; path = FlagView.h; sourceTree = "<group>"; };
		35AE1F5C1CF1BF5800F0A500 /* FlagView.m */ = {isa = PBXFileReference; fileEncoding = 4; lastKnownFileType = sourcecode.c.objc; path = FlagView.m; sourceTree = "<group>"; };
		35AE1F601CF1C2F100F0A500 /* FlagsViewController.h */ = {isa = PBXFileReference; fileEncoding = 4; lastKnownFileType = sourcecode.c.h; path = FlagsViewController.h; sourceTree = "<group>"; };
		35AE1F611CF1C2F100F0A500 /* FlagsViewController.m */ = {isa = PBXFileReference; fileEncoding = 4; lastKnownFileType = sourcecode.c.objc; path = FlagsViewController.m; sourceTree = "<group>"; };
/* End PBXFileReference section */

/* Begin PBXFrameworksBuildPhase section */
		35AE1F0F1CF1AAA700F0A500 /* Frameworks */ = {
			isa = PBXFrameworksBuildPhase;
			buildActionMask = 2147483647;
			files = (
			);
			runOnlyForDeploymentPostprocessing = 0;
		};
/* End PBXFrameworksBuildPhase section */

/* Begin PBXGroup section */
		35AE1F091CF1AAA700F0A500 = {
			isa = PBXGroup;
			children = (
				35AE1F141CF1AAA700F0A500 /* 15-UIPickerView-点菜系统 */,
				35AE1F131CF1AAA700F0A500 /* Products */,
			);
			sourceTree = "<group>";
		};
		35AE1F131CF1AAA700F0A500 /* Products */ = {
			isa = PBXGroup;
			children = (
				35AE1F121CF1AAA700F0A500 /* 15-UIPickerView-点菜系统.app */,
			);
			name = Products;
			sourceTree = "<group>";
		};
		35AE1F141CF1AAA700F0A500 /* 15-UIPickerView-点菜系统 */ = {
			isa = PBXGroup;
			children = (
				35AE1F5E1CF1C18600F0A500 /* 点菜系统 */,
				35AE1F5F1CF1C1A000F0A500 /* 国旗 */,
				35AE1F181CF1AAA700F0A500 /* AppDelegate.h */,
				35AE1F191CF1AAA700F0A500 /* AppDelegate.m */,
				35AE1F1E1CF1AAA700F0A500 /* Main.storyboard */,
				35AE1F211CF1AAA700F0A500 /* Assets.xcassets */,
				35AE1F231CF1AAA700F0A500 /* LaunchScreen.storyboard */,
				35AE1F261CF1AAA700F0A500 /* Info.plist */,
				35AE1F151CF1AAA700F0A500 /* Supporting Files */,
			);
			path = "15-UIPickerView-点菜系统";
			sourceTree = "<group>";
		};
		35AE1F151CF1AAA700F0A500 /* Supporting Files */ = {
			isa = PBXGroup;
			children = (
				35AE1F3A1CF1B6F500F0A500 /* flags.plist */,
				35AE1F351CF1B6F500F0A500 /* guoqi */,
				35AE1F161CF1AAA700F0A500 /* main.m */,
			);
			name = "Supporting Files";
			sourceTree = "<group>";
		};
		35AE1F351CF1B6F500F0A500 /* guoqi */ = {
			isa = PBXGroup;
			children = (
				35AE1F361CF1B6F500F0A500 /* agt.gif */,
				35AE1F371CF1B6F500F0A500 /* baxi.gif */,
				35AE1F381CF1B6F500F0A500 /* deguo.gif */,
				35AE1F391CF1B6F500F0A500 /* faguo.gif */,
				35AE1F3B1CF1B6F500F0A500 /* hanguo.gif */,
				35AE1F3C1CF1B6F500F0A500 /* helan.gif */,
				35AE1F3D1CF1B6F500F0A500 /* putaoya.gif */,
				35AE1F3E1CF1B6F500F0A500 /* ruidian.gif */,
				35AE1F3F1CF1B6F500F0A500 /* ruishi.gif */,
				35AE1F401CF1B6F500F0A500 /* wlgui.gif */,
				35AE1F411CF1B6F500F0A500 /* xiby.gif */,
				35AE1F421CF1B6F500F0A500 /* ydl.gif */,
				35AE1F431CF1B6F500F0A500 /* ying.gif */,
				35AE1F441CF1B6F500F0A500 /* zhongguo.jpg */,
			);
			path = guoqi;
			sourceTree = "<group>";
		};
		35AE1F5E1CF1C18600F0A500 /* 点菜系统 */ = {
			isa = PBXGroup;
			children = (
				35AE1F1B1CF1AAA700F0A500 /* ViewController.h */,
				35AE1F1C1CF1AAA700F0A500 /* ViewController.m */,
				35AE1F2E1CF1B51F00F0A500 /* foods.plist */,
			);
			name = "点菜系统";
			sourceTree = "<group>";
		};
		35AE1F5F1CF1C1A000F0A500 /* 国旗 */ = {
			isa = PBXGroup;
			children = (
				35AE1F541CF1BAC600F0A500 /* Flags.h */,
				35AE1F551CF1BAC600F0A500 /* Flags.m */,
				35AE1F591CF1BEDB00F0A500 /* FloagView.xib */,
				35AE1F5B1CF1BF5800F0A500 /* FlagView.h */,
				35AE1F5C1CF1BF5800F0A500 /* FlagView.m */,
				35AE1F601CF1C2F100F0A500 /* FlagsViewController.h */,
				35AE1F611CF1C2F100F0A500 /* FlagsViewController.m */,
			);
			name = "国旗";
			sourceTree = "<group>";
		};
/* End PBXGroup section */

/* Begin PBXNativeTarget section */
		35AE1F111CF1AAA700F0A500 /* 15-UIPickerView-点菜系统 */ = {
			isa = PBXNativeTarget;
			buildConfigurationList = 35AE1F291CF1AAA700F0A500 /* Build configuration list for PBXNativeTarget "15-UIPickerView-点菜系统" */;
			buildPhases = (
				35AE1F0E1CF1AAA700F0A500 /* Sources */,
				35AE1F0F1CF1AAA700F0A500 /* Frameworks */,
				35AE1F101CF1AAA700F0A500 /* Resources */,
			);
			buildRules = (
			);
			dependencies = (
			);
			name = "15-UIPickerView-点菜系统";
			productName = "15-UIPickerView-点菜系统";
			productReference = 35AE1F121CF1AAA700F0A500 /* 15-UIPickerView-点菜系统.app */;
			productType = "com.apple.product-type.application";
		};
/* End PBXNativeTarget section */

/* Begin PBXProject section */
		35AE1F0A1CF1AAA700F0A500 /* Project object */ = {
			isa = PBXProject;
			attributes = {
				LastUpgradeCheck = 0720;
				ORGANIZATIONNAME = "林威";
				TargetAttributes = {
					35AE1F111CF1AAA700F0A500 = {
						CreatedOnToolsVersion = 7.2.1;
					};
				};
			};
			buildConfigurationList = 35AE1F0D1CF1AAA700F0A500 /* Build configuration list for PBXProject "15-UIPickerView-点菜系统" */;
			compatibilityVersion = "Xcode 3.2";
			developmentRegion = English;
			hasScannedForEncodings = 0;
			knownRegions = (
				en,
				Base,
			);
			mainGroup = 35AE1F091CF1AAA700F0A500;
			productRefGroup = 35AE1F131CF1AAA700F0A500 /* Products */;
			projectDirPath = "";
			projectRoot = "";
			targets = (
				35AE1F111CF1AAA700F0A500 /* 15-UIPickerView-点菜系统 */,
			);
		};
/* End PBXProject section */

/* Begin PBXResourcesBuildPhase section */
		35AE1F101CF1AAA700F0A500 /* Resources */ = {
			isa = PBXResourcesBuildPhase;
			buildActionMask = 2147483647;
			files = (
				35AE1F511CF1B6F500F0A500 /* ydl.gif in Resources */,
				35AE1F2F1CF1B51F00F0A500 /* foods.plist in Resources */,
				35AE1F521CF1B6F500F0A500 /* ying.gif in Resources */,
				35AE1F4B1CF1B6F500F0A500 /* helan.gif in Resources */,
				35AE1F4A1CF1B6F500F0A500 /* hanguo.gif in Resources */,
				35AE1F471CF1B6F500F0A500 /* deguo.gif in Resources */,
				35AE1F461CF1B6F500F0A500 /* baxi.gif in Resources */,
				35AE1F4F1CF1B6F500F0A500 /* wlgui.gif in Resources */,
				35AE1F531CF1B6F500F0A500 /* zhongguo.jpg in Resources */,
				35AE1F4D1CF1B6F500F0A500 /* ruidian.gif in Resources */,
				35AE1F481CF1B6F500F0A500 /* faguo.gif in Resources */,
				35AE1F4E1CF1B6F500F0A500 /* ruishi.gif in Resources */,
				35AE1F4C1CF1B6F500F0A500 /* putaoya.gif in Resources */,
				35AE1F251CF1AAA700F0A500 /* LaunchScreen.storyboard in Resources */,
				35AE1F491CF1B6F500F0A500 /* flags.plist in Resources */,
				35AE1F451CF1B6F500F0A500 /* agt.gif in Resources */,
				35AE1F501CF1B6F500F0A500 /* xiby.gif in Resources */,
				35AE1F221CF1AAA700F0A500 /* Assets.xcassets in Resources */,
				35AE1F5A1CF1BEDB00F0A500 /* FloagView.xib in Resources */,
				35AE1F201CF1AAA700F0A500 /* Main.storyboard in Resources */,
			);
			runOnlyForDeploymentPostprocessing = 0;
		};
/* End PBXResourcesBuildPhase section */

/* Begin PBXSourcesBuildPhase section */
		35AE1F0E1CF1AAA700F0A500 /* Sources */ = {
			isa = PBXSourcesBuildPhase;
			buildActionMask = 2147483647;
			files = (
				35AE1F5D1CF1BF5800F0A500 /* FlagView.m in Sources */,
				35AE1F1D1CF1AAA700F0A500 /* ViewController.m in Sources */,
				35AE1F621CF1C2F100F0A500 /* FlagsViewController.m in Sources */,
				35AE1F561CF1BAC600F0A500 /* Flags.m in Sources */,
				35AE1F1A1CF1AAA700F0A500 /* AppDelegate.m in Sources */,
				35AE1F171CF1AAA700F0A500 /* main.m in Sources */,
			);
			runOnlyForDeploymentPostprocessing = 0;
		};
/* End PBXSourcesBuildPhase section */

/* Begin PBXVariantGroup section */
		35AE1F1E1CF1AAA700F0A500 /* Main.storyboard */ = {
			isa = PBXVariantGroup;
			children = (
				35AE1F1F1CF1AAA700F0A500 /* Base */,
			);
			name = Main.storyboard;
			sourceTree = "<group>";
		};
		35AE1F231CF1AAA700F0A500 /* LaunchScreen.storyboard */ = {
			isa = PBXVariantGroup;
			children = (
				35AE1F241CF1AAA700F0A500 /* Base */,
			);
			name = LaunchScreen.storyboard;
			sourceTree = "<group>";
		};
/* End PBXVariantGroup section */

/* Begin XCBuildConfiguration section */
		35AE1F271CF1AAA700F0A500 /* Debug */ = {
			isa = XCBuildConfiguration;
			buildSettings = {
				ALWAYS_SEARCH_USER_PATHS = NO;
				CLANG_CXX_LANGUAGE_STANDARD = "gnu++0x";
				CLANG_CXX_LIBRARY = "libc++";
				CLANG_ENABLE_MODULES = YES;
				CLANG_ENABLE_OBJC_ARC = YES;
				CLANG_WARN_BOOL_CONVERSION = YES;
				CLANG_WARN_CONSTANT_CONVERSION = YES;
				CLANG_WARN_DIRECT_OBJC_ISA_USAGE = YES_ERROR;
				CLANG_WARN_EMPTY_BODY = YES;
				CLANG_WARN_ENUM_CONVERSION = YES;
				CLANG_WARN_INT_CONVERSION = YES;
				CLANG_WARN_OBJC_ROOT_CLASS = YES_ERROR;
				CLANG_WARN_UNREACHABLE_CODE = YES;
				CLANG_WARN__DUPLICATE_METHOD_MATCH = YES;
				"CODE_SIGN_IDENTITY[sdk=iphoneos*]" = "iPhone Developer";
				COPY_PHASE_STRIP = NO;
				DEBUG_INFORMATION_FORMAT = dwarf;
				ENABLE_STRICT_OBJC_MSGSEND = YES;
				ENABLE_TESTABILITY = YES;
				GCC_C_LANGUAGE_STANDARD = gnu99;
				GCC_DYNAMIC_NO_PIC = NO;
				GCC_NO_COMMON_BLOCKS = YES;
				GCC_OPTIMIZATION_LEVEL = 0;
				GCC_PREPROCESSOR_DEFINITIONS = (
					"DEBUG=1",
					"$(inherited)",
				);
				GCC_WARN_64_TO_32_BIT_CONVERSION = YES;
				GCC_WARN_ABOUT_RETURN_TYPE = YES_ERROR;
				GCC_WARN_UNDECLARED_SELECTOR = YES;
				GCC_WARN_UNINITIALIZED_AUTOS = YES_AGGRESSIVE;
				GCC_WARN_UNUSED_FUNCTION = YES;
				GCC_WARN_UNUSED_VARIABLE = YES;
				IPHONEOS_DEPLOYMENT_TARGET = 9.2;
				MTL_ENABLE_DEBUG_INFO = YES;
				ONLY_ACTIVE_ARCH = YES;
				SDKROOT = iphoneos;
			};
			name = Debug;
		};
		35AE1F281CF1AAA700F0A500 /* Release */ = {
			isa = XCBuildConfiguration;
			buildSettings = {
				ALWAYS_SEARCH_USER_PATHS = NO;
				CLANG_CXX_LANGUAGE_STANDARD = "gnu++0x";
				CLANG_CXX_LIBRARY = "libc++";
				CLANG_ENABLE_MODULES = YES;
				CLANG_ENABLE_OBJC_ARC = YES;
				CLANG_WARN_BOOL_CONVERSION = YES;
				CLANG_WARN_CONSTANT_CONVERSION = YES;
				CLANG_WARN_DIRECT_OBJC_ISA_USAGE = YES_ERROR;
				CLANG_WARN_EMPTY_BODY = YES;
				CLANG_WARN_ENUM_CONVERSION = YES;
				CLANG_WARN_INT_CONVERSION = YES;
				CLANG_WARN_OBJC_ROOT_CLASS = YES_ERROR;
				CLANG_WARN_UNREACHABLE_CODE = YES;
				CLANG_WARN__DUPLICATE_METHOD_MATCH = YES;
				"CODE_SIGN_IDENTITY[sdk=iphoneos*]" = "iPhone Developer";
				COPY_PHASE_STRIP = NO;
				DEBUG_INFORMATION_FORMAT = "dwarf-with-dsym";
				ENABLE_NS_ASSERTIONS = NO;
				ENABLE_STRICT_OBJC_MSGSEND = YES;
				GCC_C_LANGUAGE_STANDARD = gnu99;
				GCC_NO_COMMON_BLOCKS = YES;
				GCC_WARN_64_TO_32_BIT_CONVERSION = YES;
				GCC_WARN_ABOUT_RETURN_TYPE = YES_ERROR;
				GCC_WARN_UNDECLARED_SELECTOR = YES;
				GCC_WARN_UNINITIALIZED_AUTOS = YES_AGGRESSIVE;
				GCC_WARN_UNUSED_FUNCTION = YES;
				GCC_WARN_UNUSED_VARIABLE = YES;
				IPHONEOS_DEPLOYMENT_TARGET = 9.2;
				MTL_ENABLE_DEBUG_INFO = NO;
				SDKROOT = iphoneos;
				VALIDATE_PRODUCT = YES;
			};
			name = Release;
		};
		35AE1F2A1CF1AAA700F0A500 /* Debug */ = {
			isa = XCBuildConfiguration;
			buildSettings = {
				ASSETCATALOG_COMPILER_APPICON_NAME = AppIcon;
				INFOPLIST_FILE = "15-UIPickerView-点菜系统/Info.plist";
				LD_RUNPATH_SEARCH_PATHS = "$(inherited) @executable_path/Frameworks";
				PRODUCT_BUNDLE_IDENTIFIER = "linw.-5-UIPickerView-----";
				PRODUCT_NAME = "$(TARGET_NAME)";
			};
			name = Debug;
		};
		35AE1F2B1CF1AAA700F0A500 /* Release */ = {
			isa = XCBuildConfiguration;
			buildSettings = {
				ASSETCATALOG_COMPILER_APPICON_NAME = AppIcon;
				INFOPLIST_FILE = "15-UIPickerView-点菜系统/Info.plist";
				LD_RUNPATH_SEARCH_PATHS = "$(inherited) @executable_path/Frameworks";
				PRODUCT_BUNDLE_IDENTIFIER = "linw.-5-UIPickerView-----";
				PRODUCT_NAME = "$(TARGET_NAME)";
			};
			name = Release;
		};
/* End XCBuildConfiguration section */

/* Begin XCConfigurationList section */
		35AE1F0D1CF1AAA700F0A500 /* Build configuration list for PBXProject "15-UIPickerView-点菜系统" */ = {
			isa = XCConfigurationList;
			buildConfigurations = (
				35AE1F271CF1AAA700F0A500 /* Debug */,
				35AE1F281CF1AAA700F0A500 /* Release */,
			);
			defaultConfigurationIsVisible = 0;
			defaultConfigurationName = Release;
		};
		35AE1F291CF1AAA700F0A500 /* Build configuration list for PBXNativeTarget "15-UIPickerView-点菜系统" */ = {
			isa = XCConfigurationList;
			buildConfigurations = (
				35AE1F2A1CF1AAA700F0A500 /* Debug */,
				35AE1F2B1CF1AAA700F0A500 /* Release */,
			);
			defaultConfigurationIsVisible = 0;
			defaultConfigurationName = Release;
		};
/* End XCConfigurationList section */
	};
	rootObject = 35AE1F0A1CF1AAA700F0A500 /* Project object */;
}
